
Microsoft Visual Studio Solution File, Format Version 11.00
# Visual Studio 2010
Project("{FAE04EC0-301F-11D3-BF4B-00C04F79EFBC}") = "ShoppingList", "ShoppingList\ShoppingList.csproj", "{CF836874-05E3-41A1-8979-CD39C3378C5D}"
EndProject
Global
	GlobalSection(SolutionConfigurationPlatforms) = preSolution
		Debug|iPhoneSimulator = Debug|iPhoneSimulator
		Release|iPhoneSimulator = Release|iPhoneSimulator
		Debug|iPhone = Debug|iPhone
		Release|iPhone = Release|iPhone
		Ad-Hoc|iPhone = Ad-Hoc|iPhone
		AppStore|iPhone = AppStore|iPhone
	EndGlobalSection
	GlobalSection(ProjectConfigurationPlatforms) = postSolution
		{CF836874-05E3-41A1-8979-CD39C3378C5D}.Ad-Hoc|iPhone.ActiveCfg = Ad-Hoc|iPhone
		{CF836874-05E3-41A1-8979-CD39C3378C5D}.Ad-Hoc|iPhone.Build.0 = Ad-Hoc|iPhone
		{CF836874-05E3-41A1-8979-CD39C3378C5D}.AppStore|iPhone.ActiveCfg = AppStore|iPhone
		{CF836874-05E3-41A1-8979-CD39C3378C5D}.AppStore|iPhone.Build.0 = AppStore|iPhone
		{CF836874-05E3-41A1-8979-CD39C3378C5D}.Debug|iPhone.ActiveCfg = Debug|iPhone
		{CF836874-05E3-41A1-8979-CD39C3378C5D}.Debug|iPhone.Build.0 = Debug|iPhone
		{CF836874-05E3-41A1-8979-CD39C3378C5D}.Debug|iPhoneSimulator.ActiveCfg = Debug|iPhoneSimulator
		{CF836874-05E3-41A1-8979-CD39C3378C5D}.Debug|iPhoneSimulator.Build.0 = Debug|iPhoneSimulator
		{CF836874-05E3-41A1-8979-CD39C3378C5D}.Release|iPhone.ActiveCfg = Release|iPhone
		{CF836874-05E3-41A1-8979-CD39C3378C5D}.Release|iPhone.Build.0 = Release|iPhone
		{CF836874-05E3-41A1-8979-CD39C3378C5D}.Release|iPhoneSimulator.ActiveCfg = Release|iPhoneSimulator
		{CF836874-05E3-41A1-8979-CD39C3378C5D}.Release|iPhoneSimulator.Build.0 = Release|iPhoneSimulator
	EndGlobalSection
	GlobalSection(MonoDevelopProperties) = preSolution
		StartupItem = ShoppingList\ShoppingList.csproj
	EndGlobalSection
EndGlobal
